
Microsoft Visual Studio Solution File, Format Version 12.00
# Visual Studio 15
VisualStudioVersion = 15.0.26124.0
MinimumVisualStudioVersion = 15.0.26124.0
Project("{FAE04EC0-301F-11D3-BF4B-00C04F79EFBC}") = "rock-paper-scissors", "rock-paper-scissors\rock-paper-scissors.csproj", "{96C57D79-A425-401C-88FC-106DC51FEE33}"
EndProject
Project("{FAE04EC0-301F-11D3-BF4B-00C04F79EFBC}") = "rock-paper-scissors-test", "rock-paper-scissors-test\rock-paper-scissors-test.csproj", "{688DB501-BF1F-4BFD-92D9-88B8A1E44843}"
EndProject
Global
	GlobalSection(SolutionConfigurationPlatforms) = preSolution
		Debug|Any CPU = Debug|Any CPU
		Debug|x64 = Debug|x64
		Debug|x86 = Debug|x86
		Release|Any CPU = Release|Any CPU
		Release|x64 = Release|x64
		Release|x86 = Release|x86
	EndGlobalSection
	GlobalSection(SolutionProperties) = preSolution
		HideSolutionNode = FALSE
	EndGlobalSection
	GlobalSection(ProjectConfigurationPlatforms) = postSolution
		{96C57D79-A425-401C-88FC-106DC51FEE33}.Debug|Any CPU.ActiveCfg = Debug|Any CPU
		{96C57D79-A425-401C-88FC-106DC51FEE33}.Debug|Any CPU.Build.0 = Debug|Any CPU
		{96C57D79-A425-401C-88FC-106DC51FEE33}.Debug|x64.ActiveCfg = Debug|x64
		{96C57D79-A425-401C-88FC-106DC51FEE33}.Debug|x64.Build.0 = Debug|x64
		{96C57D79-A425-401C-88FC-106DC51FEE33}.Debug|x86.ActiveCfg = Debug|x86
		{96C57D79-A425-401C-88FC-106DC51FEE33}.Debug|x86.Build.0 = Debug|x86
		{96C57D79-A425-401C-88FC-106DC51FEE33}.Release|Any CPU.ActiveCfg = Release|Any CPU
		{96C57D79-A425-401C-88FC-106DC51FEE33}.Release|Any CPU.Build.0 = Release|Any CPU
		{96C57D79-A425-401C-88FC-106DC51FEE33}.Release|x64.ActiveCfg = Release|x64
		{96C57D79-A425-401C-88FC-106DC51FEE33}.Release|x64.Build.0 = Release|x64
		{96C57D79-A425-401C-88FC-106DC51FEE33}.Release|x86.ActiveCfg = Release|x86
		{96C57D79-A425-401C-88FC-106DC51FEE33}.Release|x86.Build.0 = Release|x86
		{688DB501-BF1F-4BFD-92D9-88B8A1E44843}.Debug|Any CPU.ActiveCfg = Debug|Any CPU
		{688DB501-BF1F-4BFD-92D9-88B8A1E44843}.Debug|Any CPU.Build.0 = Debug|Any CPU
		{688DB501-BF1F-4BFD-92D9-88B8A1E44843}.Debug|x64.ActiveCfg = Debug|x64
		{688DB501-BF1F-4BFD-92D9-88B8A1E44843}.Debug|x64.Build.0 = Debug|x64
		{688DB501-BF1F-4BFD-92D9-88B8A1E44843}.Debug|x86.ActiveCfg = Debug|x86
		{688DB501-BF1F-4BFD-92D9-88B8A1E44843}.Debug|x86.Build.0 = Debug|x86
		{688DB501-BF1F-4BFD-92D9-88B8A1E44843}.Release|Any CPU.ActiveCfg = Release|Any CPU
		{688DB501-BF1F-4BFD-92D9-88B8A1E44843}.Release|Any CPU.Build.0 = Release|Any CPU
		{688DB501-BF1F-4BFD-92D9-88B8A1E44843}.Release|x64.ActiveCfg = Release|x64
		{688DB501-BF1F-4BFD-92D9-88B8A1E44843}.Release|x64.Build.0 = Release|x64
		{688DB501-BF1F-4BFD-92D9-88B8A1E44843}.Release|x86.ActiveCfg = Release|x86
		{688DB501-BF1F-4BFD-92D9-88B8A1E44843}.Release|x86.Build.0 = Release|x86
	EndGlobalSection
EndGlobal
